
Microsoft Visual Studio Solution File, Format Version 12.00
# Visual Studio Version 17
VisualStudioVersion = 17.1.32228.430
MinimumVisualStudioVersion = 10.0.40219.1
Project("{FAE04EC0-301F-11D3-BF4B-00C04F79EFBC}") = "Zoo", "Zoo\Zoo.csproj", "{39A98AF9-83AE-4D3A-A18A-7CB55BD8C4AF}"
EndProject
Project("{FAE04EC0-301F-11D3-BF4B-00C04F79EFBC}") = "TestLab06", "TestLab06\TestLab06.csproj", "{ECBCF9F9-2A8F-4715-BBA0-BDACE78EB3EB}"
EndProject
Project("{FAE04EC0-301F-11D3-BF4B-00C04F79EFBC}") = "TestLab07", "TestLab07\TestLab07.csproj", "{5F62D49E-5124-45B2-84A9-B1D041124689}"
EndProject
Global
	GlobalSection(SolutionConfigurationPlatforms) = preSolution
		Debug|Any CPU = Debug|Any CPU
		Release|Any CPU = Release|Any CPU
	EndGlobalSection
	GlobalSection(ProjectConfigurationPlatforms) = postSolution
		{39A98AF9-83AE-4D3A-A18A-7CB55BD8C4AF}.Debug|Any CPU.ActiveCfg = Debug|Any CPU
		{39A98AF9-83AE-4D3A-A18A-7CB55BD8C4AF}.Debug|Any CPU.Build.0 = Debug|Any CPU
		{39A98AF9-83AE-4D3A-A18A-7CB55BD8C4AF}.Release|Any CPU.ActiveCfg = Release|Any CPU
		{39A98AF9-83AE-4D3A-A18A-7CB55BD8C4AF}.Release|Any CPU.Build.0 = Release|Any CPU
		{ECBCF9F9-2A8F-4715-BBA0-BDACE78EB3EB}.Debug|Any CPU.ActiveCfg = Debug|Any CPU
		{ECBCF9F9-2A8F-4715-BBA0-BDACE78EB3EB}.Debug|Any CPU.Build.0 = Debug|Any CPU
		{ECBCF9F9-2A8F-4715-BBA0-BDACE78EB3EB}.Release|Any CPU.ActiveCfg = Release|Any CPU
		{ECBCF9F9-2A8F-4715-BBA0-BDACE78EB3EB}.Release|Any CPU.Build.0 = Release|Any CPU
		{5F62D49E-5124-45B2-84A9-B1D041124689}.Debug|Any CPU.ActiveCfg = Debug|Any CPU
		{5F62D49E-5124-45B2-84A9-B1D041124689}.Debug|Any CPU.Build.0 = Debug|Any CPU
		{5F62D49E-5124-45B2-84A9-B1D041124689}.Release|Any CPU.ActiveCfg = Release|Any CPU
		{5F62D49E-5124-45B2-84A9-B1D041124689}.Release|Any CPU.Build.0 = Release|Any CPU
	EndGlobalSection
	GlobalSection(SolutionProperties) = preSolution
		HideSolutionNode = FALSE
	EndGlobalSection
	GlobalSection(ExtensibilityGlobals) = postSolution
		SolutionGuid = {747F47D6-E0B7-4C7F-AAD8-A3BF0A25D8C1}
	EndGlobalSection
EndGlobal
